
Microsoft Visual Studio Solution File, Format Version 12.00
# Visual Studio Version 16
VisualStudioVersion = 16.0.31727.386
MinimumVisualStudioVersion = 10.0.40219.1
Project("{FAE04EC0-301F-11D3-BF4B-00C04F79EFBC}") = "AppS2PBlacio.Android", "AppS2PBlacio.Android\AppS2PBlacio.Android.csproj", "{CAB15A93-3502-49A9-8523-9815645C0F8E}"
EndProject
Project("{FAE04EC0-301F-11D3-BF4B-00C04F79EFBC}") = "AppS2PBlacio.iOS", "AppS2PBlacio.iOS\AppS2PBlacio.iOS.csproj", "{1D4C14E8-1893-441E-9223-DCA79D7E00AF}"
EndProject
Project("{FAE04EC0-301F-11D3-BF4B-00C04F79EFBC}") = "AppS2PBlacio", "AppS2PBlacio\AppS2PBlacio.csproj", "{C834BD71-713F-48B5-A177-AEAD26FF14EA}"
EndProject
Global
	GlobalSection(SolutionConfigurationPlatforms) = preSolution
		Debug|Any CPU = Debug|Any CPU
		Debug|iPhone = Debug|iPhone
		Debug|iPhoneSimulator = Debug|iPhoneSimulator
		Release|Any CPU = Release|Any CPU
		Release|iPhone = Release|iPhone
		Release|iPhoneSimulator = Release|iPhoneSimulator
	EndGlobalSection
	GlobalSection(ProjectConfigurationPlatforms) = postSolution
		{CAB15A93-3502-49A9-8523-9815645C0F8E}.Debug|Any CPU.ActiveCfg = Debug|Any CPU
		{CAB15A93-3502-49A9-8523-9815645C0F8E}.Debug|Any CPU.Build.0 = Debug|Any CPU
		{CAB15A93-3502-49A9-8523-9815645C0F8E}.Debug|Any CPU.Deploy.0 = Debug|Any CPU
		{CAB15A93-3502-49A9-8523-9815645C0F8E}.Debug|iPhone.ActiveCfg = Debug|Any CPU
		{CAB15A93-3502-49A9-8523-9815645C0F8E}.Debug|iPhone.Build.0 = Debug|Any CPU
		{CAB15A93-3502-49A9-8523-9815645C0F8E}.Debug|iPhone.Deploy.0 = Debug|Any CPU
		{CAB15A93-3502-49A9-8523-9815645C0F8E}.Debug|iPhoneSimulator.ActiveCfg = Debug|Any CPU
		{CAB15A93-3502-49A9-8523-9815645C0F8E}.Debug|iPhoneSimulator.Build.0 = Debug|Any CPU
		{CAB15A93-3502-49A9-8523-9815645C0F8E}.Debug|iPhoneSimulator.Deploy.0 = Debug|Any CPU
		{CAB15A93-3502-49A9-8523-9815645C0F8E}.Release|Any CPU.ActiveCfg = Release|Any CPU
		{CAB15A93-3502-49A9-8523-9815645C0F8E}.Release|Any CPU.Build.0 = Release|Any CPU
		{CAB15A93-3502-49A9-8523-9815645C0F8E}.Release|Any CPU.Deploy.0 = Release|Any CPU
		{CAB15A93-3502-49A9-8523-9815645C0F8E}.Release|iPhone.ActiveCfg = Release|Any CPU
		{CAB15A93-3502-49A9-8523-9815645C0F8E}.Release|iPhone.Build.0 = Release|Any CPU
		{CAB15A93-3502-49A9-8523-9815645C0F8E}.Release|iPhone.Deploy.0 = Release|Any CPU
		{CAB15A93-3502-49A9-8523-9815645C0F8E}.Release|iPhoneSimulator.ActiveCfg = Release|Any CPU
		{CAB15A93-3502-49A9-8523-9815645C0F8E}.Release|iPhoneSimulator.Build.0 = Release|Any CPU
		{CAB15A93-3502-49A9-8523-9815645C0F8E}.Release|iPhoneSimulator.Deploy.0 = Release|Any CPU
		{1D4C14E8-1893-441E-9223-DCA79D7E00AF}.Debug|Any CPU.ActiveCfg = Debug|iPhone
		{1D4C14E8-1893-441E-9223-DCA79D7E00AF}.Debug|Any CPU.Build.0 = Debug|iPhone
		{1D4C14E8-1893-441E-9223-DCA79D7E00AF}.Debug|Any CPU.Deploy.0 = Debug|iPhone
		{1D4C14E8-1893-441E-9223-DCA79D7E00AF}.Debug|iPhone.ActiveCfg = Debug|iPhone
		{1D4C14E8-1893-441E-9223-DCA79D7E00AF}.Debug|iPhone.Build.0 = Debug|iPhone
		{1D4C14E8-1893-441E-9223-DCA79D7E00AF}.Debug|iPhone.Deploy.0 = Debug|iPhone
		{1D4C14E8-1893-441E-9223-DCA79D7E00AF}.Debug|iPhoneSimulator.ActiveCfg = Debug|iPhoneSimulator
		{1D4C14E8-1893-441E-9223-DCA79D7E00AF}.Debug|iPhoneSimulator.Build.0 = Debug|iPhoneSimulator
		{1D4C14E8-1893-441E-9223-DCA79D7E00AF}.Debug|iPhoneSimulator.Deploy.0 = Debug|iPhoneSimulator
		{1D4C14E8-1893-441E-9223-DCA79D7E00AF}.Release|Any CPU.ActiveCfg = Release|iPhoneSimulator
		{1D4C14E8-1893-441E-9223-DCA79D7E00AF}.Release|Any CPU.Build.0 = Release|iPhoneSimulator
		{1D4C14E8-1893-441E-9223-DCA79D7E00AF}.Release|Any CPU.Deploy.0 = Release|iPhoneSimulator
		{1D4C14E8-1893-441E-9223-DCA79D7E00AF}.Release|iPhone.ActiveCfg = Release|iPhone
		{1D4C14E8-1893-441E-9223-DCA79D7E00AF}.Release|iPhone.Build.0 = Release|iPhone
		{1D4C14E8-1893-441E-9223-DCA79D7E00AF}.Release|iPhone.Deploy.0 = Release|iPhone
		{1D4C14E8-1893-441E-9223-DCA79D7E00AF}.Release|iPhoneSimulator.ActiveCfg = Release|iPhoneSimulator
		{1D4C14E8-1893-441E-9223-DCA79D7E00AF}.Release|iPhoneSimulator.Build.0 = Release|iPhoneSimulator
		{1D4C14E8-1893-441E-9223-DCA79D7E00AF}.Release|iPhoneSimulator.Deploy.0 = Release|iPhoneSimulator
		{C834BD71-713F-48B5-A177-AEAD26FF14EA}.Debug|Any CPU.ActiveCfg = Debug|Any CPU
		{C834BD71-713F-48B5-A177-AEAD26FF14EA}.Debug|Any CPU.Build.0 = Debug|Any CPU
		{C834BD71-713F-48B5-A177-AEAD26FF14EA}.Debug|Any CPU.Deploy.0 = Debug|Any CPU
		{C834BD71-713F-48B5-A177-AEAD26FF14EA}.Debug|iPhone.ActiveCfg = Debug|Any CPU
		{C834BD71-713F-48B5-A177-AEAD26FF14EA}.Debug|iPhone.Build.0 = Debug|Any CPU
		{C834BD71-713F-48B5-A177-AEAD26FF14EA}.Debug|iPhone.Deploy.0 = Debug|Any CPU
		{C834BD71-713F-48B5-A177-AEAD26FF14EA}.Debug|iPhoneSimulator.ActiveCfg = Debug|Any CPU
		{C834BD71-713F-48B5-A177-AEAD26FF14EA}.Debug|iPhoneSimulator.Build.0 = Debug|Any CPU
		{C834BD71-713F-48B5-A177-AEAD26FF14EA}.Debug|iPhoneSimulator.Deploy.0 = Debug|Any CPU
		{C834BD71-713F-48B5-A177-AEAD26FF14EA}.Release|Any CPU.ActiveCfg = Release|Any CPU
		{C834BD71-713F-48B5-A177-AEAD26FF14EA}.Release|Any CPU.Build.0 = Release|Any CPU
		{C834BD71-713F-48B5-A177-AEAD26FF14EA}.Release|Any CPU.Deploy.0 = Release|Any CPU
		{C834BD71-713F-48B5-A177-AEAD26FF14EA}.Release|iPhone.ActiveCfg = Release|Any CPU
		{C834BD71-713F-48B5-A177-AEAD26FF14EA}.Release|iPhone.Build.0 = Release|Any CPU
		{C834BD71-713F-48B5-A177-AEAD26FF14EA}.Release|iPhone.Deploy.0 = Release|Any CPU
		{C834BD71-713F-48B5-A177-AEAD26FF14EA}.Release|iPhoneSimulator.ActiveCfg = Release|Any CPU
		{C834BD71-713F-48B5-A177-AEAD26FF14EA}.Release|iPhoneSimulator.Build.0 = Release|Any CPU
		{C834BD71-713F-48B5-A177-AEAD26FF14EA}.Release|iPhoneSimulator.Deploy.0 = Release|Any CPU
	EndGlobalSection
	GlobalSection(SolutionProperties) = preSolution
		HideSolutionNode = FALSE
	EndGlobalSection
	GlobalSection(ExtensibilityGlobals) = postSolution
		SolutionGuid = {ECC6DBC9-6B7F-4D68-AD25-F0DBAAFED64A}
	EndGlobalSection
EndGlobal
